
Microsoft Visual Studio Solution File, Format Version 12.00
# Visual Studio Version 16
VisualStudioVersion = 16.0.29519.87
MinimumVisualStudioVersion = 10.0.40219.1
Project("{9A19103F-16F7-4668-BE54-9A1E7A4F7556}") = "BlazorApp1", "BlazorApp1.csproj", "{18AFA1C2-8CAF-4556-916C-7014980468CD}"
EndProject
Global
	GlobalSection(SolutionConfigurationPlatforms) = preSolution
		Debug|Any CPU = Debug|Any CPU
		Release|Any CPU = Release|Any CPU
	EndGlobalSection
	GlobalSection(ProjectConfigurationPlatforms) = postSolution
		{18AFA1C2-8CAF-4556-916C-7014980468CD}.Debug|Any CPU.ActiveCfg = Debug|Any CPU
		{18AFA1C2-8CAF-4556-916C-7014980468CD}.Debug|Any CPU.Build.0 = Debug|Any CPU
		{18AFA1C2-8CAF-4556-916C-7014980468CD}.Release|Any CPU.ActiveCfg = Release|Any CPU
		{18AFA1C2-8CAF-4556-916C-7014980468CD}.Release|Any CPU.Build.0 = Release|Any CPU
	EndGlobalSection
	GlobalSection(SolutionProperties) = preSolution
		HideSolutionNode = FALSE
	EndGlobalSection
	GlobalSection(ExtensibilityGlobals) = postSolution
		SolutionGuid = {FC428806-FFC3-43DC-8859-A10BCCE02672}
	EndGlobalSection
EndGlobal
